
Microsoft Visual Studio Solution File, Format Version 12.00
# Visual Studio Version 17
VisualStudioVersion = 17.7.34009.444
MinimumVisualStudioVersion = 10.0.40219.1
Project("{FAE04EC0-301F-11D3-BF4B-00C04F79EFBC}") = "PubSubPoc", "PubSubPoc\PubSubPoc.csproj", "{834AFA21-7829-42E8-AB0A-301030A4D8A6}"
EndProject
Project("{FAE04EC0-301F-11D3-BF4B-00C04F79EFBC}") = "QueuingService", "QueuingService\QueuingService.csproj", "{600779D1-DEF9-4991-AE0F-78FCF041D0A4}"
EndProject
Global
	GlobalSection(SolutionConfigurationPlatforms) = preSolution
		Debug|Any CPU = Debug|Any CPU
		Release|Any CPU = Release|Any CPU
	EndGlobalSection
	GlobalSection(ProjectConfigurationPlatforms) = postSolution
		{834AFA21-7829-42E8-AB0A-301030A4D8A6}.Debug|Any CPU.ActiveCfg = Debug|Any CPU
		{834AFA21-7829-42E8-AB0A-301030A4D8A6}.Debug|Any CPU.Build.0 = Debug|Any CPU
		{834AFA21-7829-42E8-AB0A-301030A4D8A6}.Release|Any CPU.ActiveCfg = Release|Any CPU
		{834AFA21-7829-42E8-AB0A-301030A4D8A6}.Release|Any CPU.Build.0 = Release|Any CPU
		{600779D1-DEF9-4991-AE0F-78FCF041D0A4}.Debug|Any CPU.ActiveCfg = Debug|Any CPU
		{600779D1-DEF9-4991-AE0F-78FCF041D0A4}.Debug|Any CPU.Build.0 = Debug|Any CPU
		{600779D1-DEF9-4991-AE0F-78FCF041D0A4}.Release|Any CPU.ActiveCfg = Release|Any CPU
		{600779D1-DEF9-4991-AE0F-78FCF041D0A4}.Release|Any CPU.Build.0 = Release|Any CPU
	EndGlobalSection
	GlobalSection(SolutionProperties) = preSolution
		HideSolutionNode = FALSE
	EndGlobalSection
	GlobalSection(ExtensibilityGlobals) = postSolution
		SolutionGuid = {D22A42BF-6578-4649-AF15-D7462A8D1F29}
	EndGlobalSection
EndGlobal
